
Microsoft Visual Studio Solution File, Format Version 12.00
# Visual Studio Version 16
VisualStudioVersion = 16.0.810.23
MinimumVisualStudioVersion = 10.0.40219.1
Project("{FAE04EC0-301F-11D3-BF4B-00C04F79EFBC}") = "MagicDestroyers", "MagicDestroyers\MagicDestroyers.csproj", "{D53DDB6C-9F89-4664-8A0D-D39AE6659B63}"
EndProject
Global
	GlobalSection(SolutionConfigurationPlatforms) = preSolution
		Debug|Any CPU = Debug|Any CPU
		Release|Any CPU = Release|Any CPU
	EndGlobalSection
	GlobalSection(ProjectConfigurationPlatforms) = postSolution
		{D53DDB6C-9F89-4664-8A0D-D39AE6659B63}.Debug|Any CPU.ActiveCfg = Debug|Any CPU
		{D53DDB6C-9F89-4664-8A0D-D39AE6659B63}.Debug|Any CPU.Build.0 = Debug|Any CPU
		{D53DDB6C-9F89-4664-8A0D-D39AE6659B63}.Release|Any CPU.ActiveCfg = Release|Any CPU
		{D53DDB6C-9F89-4664-8A0D-D39AE6659B63}.Release|Any CPU.Build.0 = Release|Any CPU
	EndGlobalSection
	GlobalSection(SolutionProperties) = preSolution
		HideSolutionNode = FALSE
	EndGlobalSection
	GlobalSection(ExtensibilityGlobals) = postSolution
		SolutionGuid = {15A2B1EB-4477-4FA9-8F04-FD0DCDED24A2}
	EndGlobalSection
EndGlobal
